
Microsoft Visual Studio Solution File, Format Version 12.00
# Visual Studio Version 17
VisualStudioVersion = 17.9.34607.119
MinimumVisualStudioVersion = 10.0.40219.1
Project("{9A19103F-16F7-4668-BE54-9A1E7A4F7556}") = "ConsoleAppVS2022", "ConsoleAppVS2022\ConsoleAppVS2022.csproj", "{DFA87DDF-398A-4376-B7A6-755EE327A1CF}"
EndProject
Global
	GlobalSection(SolutionConfigurationPlatforms) = preSolution
		Debug|Any CPU = Debug|Any CPU
		Release|Any CPU = Release|Any CPU
	EndGlobalSection
	GlobalSection(ProjectConfigurationPlatforms) = postSolution
		{DFA87DDF-398A-4376-B7A6-755EE327A1CF}.Debug|Any CPU.ActiveCfg = Debug|Any CPU
		{DFA87DDF-398A-4376-B7A6-755EE327A1CF}.Debug|Any CPU.Build.0 = Debug|Any CPU
		{DFA87DDF-398A-4376-B7A6-755EE327A1CF}.Release|Any CPU.ActiveCfg = Release|Any CPU
		{DFA87DDF-398A-4376-B7A6-755EE327A1CF}.Release|Any CPU.Build.0 = Release|Any CPU
	EndGlobalSection
	GlobalSection(SolutionProperties) = preSolution
		HideSolutionNode = FALSE
	EndGlobalSection
	GlobalSection(ExtensibilityGlobals) = postSolution
		SolutionGuid = {606AD5FB-9C94-41AB-A960-6CAF84DA7DA2}
	EndGlobalSection
EndGlobal
